PODS:
  - app_links (6.4.1):
    - FlutterMacOS
  - bitsdojo_window_macos (0.0.1):
    - FlutterMacOS
  - device_info_plus (0.0.1):
    - FlutterMacOS
  - file_picker (0.0.1):
    - FlutterMacOS
  - file_saver (0.0.1):
    - FlutterMacOS
  - Firebase/CoreOnly (12.4.0):
    - FirebaseCore (~> 12.4.0)
  - Firebase/Messaging (12.4.0):
    - Firebase/CoreOnly
    - FirebaseMessaging (~> 12.4.0)
  - firebase_core (4.2.1):
    - Firebase/CoreOnly (~> 12.4.0)
    - FlutterMacOS
  - firebase_messaging (16.0.4):
    - Firebase/CoreOnly (~> 12.4.0)
    - Firebase/Messaging (~> 12.4.0)
    - firebase_core
    - FlutterMacOS
  - FirebaseCore (12.4.0):
    - FirebaseCoreInternal (~> 12.4.0)
    - GoogleUtilities/Environment (~> 8.1)
    - GoogleUtilities/Logger (~> 8.1)
  - FirebaseCoreInternal (12.4.0):
    - "GoogleUtilities/NSData+zlib (~> 8.1)"
  - FirebaseInstallations (12.4.0):
    - FirebaseCore (~> 12.4.0)
    - GoogleUtilities/Environment (~> 8.1)
    - GoogleUtilities/UserDefaults (~> 8.1)
    - PromisesObjC (~> 2.4)
  - FirebaseMessaging (12.4.0):
    - FirebaseCore (~> 12.4.0)
    - FirebaseInstallations (~> 12.4.0)
    - GoogleDataTransport (~> 10.1)
    - GoogleUtilities/AppDelegateSwizzler (~> 8.1)
    - GoogleUtilities/Environment (~> 8.1)
    - GoogleUtilities/Reachability (~> 8.1)
    - GoogleUtilities/UserDefaults (~> 8.1)
    - nanopb (~> 3.30910.0)
  - flutter_local_notifications (0.0.1):
    - FlutterMacOS
  - flutter_secure_storage_macos (6.1.3):
    - FlutterMacOS
  - flutter_sparkle (0.0.2):
    - FlutterMacOS
    - Sparkle
  - FlutterMacOS (1.0.0)
  - google_sign_in_macos (0.0.1):
    - FlutterMacOS
  - GoogleDataTransport (10.1.0):
    - nanopb (~> 3.30910.0)
    - PromisesObjC (~> 2.4)
  - GoogleUtilities/AppDelegateSwizzler (8.1.0):
    - GoogleUtilities/Environment
    - GoogleUtilities/Logger
    - GoogleUtilities/Network
    - GoogleUtilities/Privacy
  - GoogleUtilities/Environment (8.1.0):
    - GoogleUtilities/Privacy
  - GoogleUtilities/Logger (8.1.0):
    - GoogleUtilities/Environment
    - GoogleUtilities/Privacy
  - GoogleUtilities/Network (8.1.0):
    - GoogleUtilities/Logger
    - "GoogleUtilities/NSData+zlib"
    - GoogleUtilities/Privacy
    - GoogleUtilities/Reachability
  - "GoogleUtilities/NSData+zlib (8.1.0)":
    - GoogleUtilities/Privacy
  - GoogleUtilities/Privacy (8.1.0)
  - GoogleUtilities/Reachability (8.1.0):
    - GoogleUtilities/Logger
    - GoogleUtilities/Privacy
  - GoogleUtilities/UserDefaults (8.1.0):
    - GoogleUtilities/Logger
    - GoogleUtilities/Privacy
  - in_app_purchase_storekit (0.0.1):
    - Flutter
    - FlutterMacOS
  - in_app_review (2.0.0):
    - FlutterMacOS
  - macos_window_utils (1.0.0):
    - FlutterMacOS
  - mobile_scanner (7.0.0):
    - Flutter
    - FlutterMacOS
  - nanopb (3.30910.0):
    - nanopb/decode (= 3.30910.0)
    - nanopb/encode (= 3.30910.0)
  - nanopb/decode (3.30910.0)
  - nanopb/encode (3.30910.0)
  - package_info_plus (0.0.1):
    - FlutterMacOS
  - pasteboard (0.0.1):
    - FlutterMacOS
  - path_provider_foundation (0.0.1):
    - Flutter
    - FlutterMacOS
  - PromisesObjC (2.4.0)
  - screen_retriever_macos (0.0.1):
    - FlutterMacOS
  - shared_preferences_foundation (0.0.1):
    - Flutter
    - FlutterMacOS
  - sign_in_with_apple (0.0.1):
    - FlutterMacOS
  - Sparkle (2.8.1)
  - sqlite3 (3.50.4):
    - sqlite3/common (= 3.50.4)
  - sqlite3/common (3.50.4)
  - sqlite3/dbstatvtab (3.50.4):
    - sqlite3/common
  - sqlite3/fts5 (3.50.4):
    - sqlite3/common
  - sqlite3/math (3.50.4):
    - sqlite3/common
  - sqlite3/perf-threadsafe (3.50.4):
    - sqlite3/common
  - sqlite3/rtree (3.50.4):
    - sqlite3/common
  - sqlite3/session (3.50.4):
    - sqlite3/common
  - sqlite3_flutter_libs (0.0.1):
    - Flutter
    - FlutterMacOS
    - sqlite3 (~> 3.50.4)
    - sqlite3/dbstatvtab
    - sqlite3/fts5
    - sqlite3/math
    - sqlite3/perf-threadsafe
    - sqlite3/rtree
    - sqlite3/session
  - tm_macos (0.0.1):
    - FlutterMacOS
  - tray_manager (0.0.1):
    - FlutterMacOS
  - url_launcher_macos (0.0.1):
    - FlutterMacOS
  - window_manager (0.5.0):
    - FlutterMacOS

DEPENDENCIES:
  - app_links (from `Flutter/ephemeral/.symlinks/plugins/app_links/macos`)
  - bitsdojo_window_macos (from `Flutter/ephemeral/.symlinks/plugins/bitsdojo_window_macos/macos`)
  - device_info_plus (from `Flutter/ephemeral/.symlinks/plugins/device_info_plus/macos`)
  - file_picker (from `Flutter/ephemeral/.symlinks/plugins/file_picker/macos`)
  - file_saver (from `Flutter/ephemeral/.symlinks/plugins/file_saver/macos`)
  - firebase_core (from `Flutter/ephemeral/.symlinks/plugins/firebase_core/macos`)
  - firebase_messaging (from `Flutter/ephemeral/.symlinks/plugins/firebase_messaging/macos`)
  - flutter_local_notifications (from `Flutter/ephemeral/.symlinks/plugins/flutter_local_notifications/macos`)
  - flutter_secure_storage_macos (from `Flutter/ephemeral/.symlinks/plugins/flutter_secure_storage_macos/macos`)
  - flutter_sparkle (from `Flutter/ephemeral/.symlinks/plugins/flutter_sparkle/macos`)
  - FlutterMacOS (from `Flutter/ephemeral`)
  - google_sign_in_macos (from `Flutter/ephemeral/.symlinks/plugins/google_sign_in_macos/macos`)
  - in_app_purchase_storekit (from `Flutter/ephemeral/.symlinks/plugins/in_app_purchase_storekit/darwin`)
  - in_app_review (from `Flutter/ephemeral/.symlinks/plugins/in_app_review/macos`)
  - macos_window_utils (from `Flutter/ephemeral/.symlinks/plugins/macos_window_utils/macos`)
  - mobile_scanner (from `Flutter/ephemeral/.symlinks/plugins/mobile_scanner/darwin`)
  - package_info_plus (from `Flutter/ephemeral/.symlinks/plugins/package_info_plus/macos`)
  - pasteboard (from `Flutter/ephemeral/.symlinks/plugins/pasteboard/macos`)
  - path_provider_foundation (from `Flutter/ephemeral/.symlinks/plugins/path_provider_foundation/darwin`)
  - screen_retriever_macos (from `Flutter/ephemeral/.symlinks/plugins/screen_retriever_macos/macos`)
  - shared_preferences_foundation (from `Flutter/ephemeral/.symlinks/plugins/shared_preferences_foundation/darwin`)
  - sign_in_with_apple (from `Flutter/ephemeral/.symlinks/plugins/sign_in_with_apple/macos`)
  - sqlite3_flutter_libs (from `Flutter/ephemeral/.symlinks/plugins/sqlite3_flutter_libs/darwin`)
  - tm_macos (from `Flutter/ephemeral/.symlinks/plugins/tm_macos/macos`)
  - tray_manager (from `Flutter/ephemeral/.symlinks/plugins/tray_manager/macos`)
  - url_launcher_macos (from `Flutter/ephemeral/.symlinks/plugins/url_launcher_macos/macos`)
  - window_manager (from `Flutter/ephemeral/.symlinks/plugins/window_manager/macos`)

SPEC REPOS:
  trunk:
    - Firebase
    - FirebaseCore
    - FirebaseCoreInternal
    - FirebaseInstallations
    - FirebaseMessaging
    - GoogleDataTransport
    - GoogleUtilities
    - nanopb
    - PromisesObjC
    - Sparkle
    - sqlite3

EXTERNAL SOURCES:
  app_links:
    :path: Flutter/ephemeral/.symlinks/plugins/app_links/macos
  bitsdojo_window_macos:
    :path: Flutter/ephemeral/.symlinks/plugins/bitsdojo_window_macos/macos
  device_info_plus:
    :path: Flutter/ephemeral/.symlinks/plugins/device_info_plus/macos
  file_picker:
    :path: Flutter/ephemeral/.symlinks/plugins/file_picker/macos
  file_saver:
    :path: Flutter/ephemeral/.symlinks/plugins/file_saver/macos
  firebase_core:
    :path: Flutter/ephemeral/.symlinks/plugins/firebase_core/macos
  firebase_messaging:
    :path: Flutter/ephemeral/.symlinks/plugins/firebase_messaging/macos
  flutter_local_notifications:
    :path: Flutter/ephemeral/.symlinks/plugins/flutter_local_notifications/macos
  flutter_secure_storage_macos:
    :path: Flutter/ephemeral/.symlinks/plugins/flutter_secure_storage_macos/macos
  flutter_sparkle:
    :path: Flutter/ephemeral/.symlinks/plugins/flutter_sparkle/macos
  FlutterMacOS:
    :path: Flutter/ephemeral
  google_sign_in_macos:
    :path: Flutter/ephemeral/.symlinks/plugins/google_sign_in_macos/macos
  in_app_purchase_storekit:
    :path: Flutter/ephemeral/.symlinks/plugins/in_app_purchase_storekit/darwin
  in_app_review:
    :path: Flutter/ephemeral/.symlinks/plugins/in_app_review/macos
  macos_window_utils:
    :path: Flutter/ephemeral/.symlinks/plugins/macos_window_utils/macos
  mobile_scanner:
    :path: Flutter/ephemeral/.symlinks/plugins/mobile_scanner/darwin
  package_info_plus:
    :path: Flutter/ephemeral/.symlinks/plugins/package_info_plus/macos
  pasteboard:
    :path: Flutter/ephemeral/.symlinks/plugins/pasteboard/macos
  path_provider_foundation:
    :path: Flutter/ephemeral/.symlinks/plugins/path_provider_foundation/darwin
  screen_retriever_macos:
    :path: Flutter/ephemeral/.symlinks/plugins/screen_retriever_macos/macos
  shared_preferences_foundation:
    :path: Flutter/ephemeral/.symlinks/plugins/shared_preferences_foundation/darwin
  sign_in_with_apple:
    :path: Flutter/ephemeral/.symlinks/plugins/sign_in_with_apple/macos
  sqlite3_flutter_libs:
    :path: Flutter/ephemeral/.symlinks/plugins/sqlite3_flutter_libs/darwin
  tm_macos:
    :path: Flutter/ephemeral/.symlinks/plugins/tm_macos/macos
  tray_manager:
    :path: Flutter/ephemeral/.symlinks/plugins/tray_manager/macos
  url_launcher_macos:
    :path: Flutter/ephemeral/.symlinks/plugins/url_launcher_macos/macos
  window_manager:
    :path: Flutter/ephemeral/.symlinks/plugins/window_manager/macos

SPEC CHECKSUMS:
  app_links: 05a6ec2341985eb05e9f97dc63f5837c39895c3f
  bitsdojo_window_macos: 7959fb0ca65a3ccda30095c181ecb856fae48ea9
  device_info_plus: 4fb280989f669696856f8b129e4a5e3cd6c48f76
  file_picker: 7584aae6fa07a041af2b36a2655122d42f578c1a
  file_saver: e35bd97de451dde55ff8c38862ed7ad0f3418d0f
  Firebase: f07b15ae5a6ec0f93713e30b923d9970d144af3e
  firebase_core: e054894ab56033ef9bcbe2d9eac9395e5306e2fc
  firebase_messaging: 373ac3a56e5aa37bb9aff4127f700aa5973c1168
  FirebaseCore: bb595f3114953664e3c1dc032f008a244147cfd3
  FirebaseCoreInternal: d7f5a043c2cd01a08103ab586587c1468047bca6
  FirebaseInstallations: ae9f4902cb5bf1d0c5eaa31ec1f4e5495a0714e2
  FirebaseMessaging: d33971b7bb252745ea6cd31ab190d1a1df4b8ed5
  flutter_local_notifications: 4bf37a31afde695b56091b4ae3e4d9c7a7e6cda0
  flutter_secure_storage_macos: 7f45e30f838cf2659862a4e4e3ee1c347c2b3b54
  flutter_sparkle: 550cfddada5e1f60e85406c27525f763872ec9b7
  FlutterMacOS: d0db08ddef1a9af05a5ec4b724367152bb0500b1
  google_sign_in_macos: c8612ccbd6fe87ca383a977edcf18437c9cacb70
  GoogleDataTransport: aae35b7ea0c09004c3797d53c8c41f66f219d6a7
  GoogleUtilities: 00c88b9a86066ef77f0da2fab05f65d7768ed8e1
  in_app_purchase_storekit: d1a48cb0f8b29dbf5f85f782f5dd79b21b90a5e6
  in_app_review: 66e7680752b632d83f4f0e88b34d52ed303fbff4
  macos_window_utils: 23f54331a0fd51eea9e0ed347253bf48fd379d1d
  mobile_scanner: 9157936403f5a0644ca3779a38ff8404c5434a93
  nanopb: fad817b59e0457d11a5dfbde799381cd727c1275
  package_info_plus: f0052d280d17aa382b932f399edf32507174e870
  pasteboard: 278d8100149f940fb795d6b3a74f0720c890ecb7
  path_provider_foundation: 080d55be775b7414fd5a5ef3ac137b97b097e564
  PromisesObjC: f5707f49cb48b9636751c5b2e7d227e43fba9f47
  screen_retriever_macos: 452e51764a9e1cdb74b3c541238795849f21557f
  shared_preferences_foundation: 9e1978ff2562383bd5676f64ec4e9aa8fa06a6f7
  sign_in_with_apple: 6673c03c9e3643f6c8d33601943fbfa9ae99f94e
  Sparkle: a346a4341537c625955751ed3ae4b340b68551fa
  sqlite3: 73513155ec6979715d3904ef53a8d68892d4032b
  sqlite3_flutter_libs: 83f8e9f5b6554077f1d93119fe20ebaa5f3a9ef1
  tm_macos: fca0f08e7b9492c23ecc74c11da166bf56714a24
  tray_manager: a104b5c81b578d83f3c3d0f40a997c8b10810166
  url_launcher_macos: 0fba8ddabfc33ce0a9afe7c5fef5aab3d8d2d673
  window_manager: b729e31d38fb04905235df9ea896128991cad99e

PODFILE CHECKSUM: 87391366557f5740780062e5420a0a69b3f97879

COCOAPODS: 1.16.2
